
Microsoft Visual Studio Solution File, Format Version 12.00
# Visual Studio Version 17
VisualStudioVersion = 17.4.33205.214
MinimumVisualStudioVersion = 10.0.40219.1
Project("{9A19103F-16F7-4668-BE54-9A1E7A4F7556}") = "Basyc.Shared", "src\Basyc.Shared\Basyc.Shared.csproj", "{2EE8A3CA-4EE6-48EE-8FE8-59DD9F359798}"
EndProject
Project("{2150E333-8FDC-42A3-9474-1A3956D46DE8}") = "Solution Items", "Solution Items", "{71364C02-6308-4216-96E6-794155C303AD}"
	ProjectSection(SolutionItems) = preProject
		.editorconfig = .editorconfig
		README.md = README.md
		TextFile3.txt = TextFile3.txt
		TextFile2.renamed.txt = TextFile2.renamed.txt
	EndProjectSection
EndProject
Project("{2150E333-8FDC-42A3-9474-1A3956D46DE8}") = "src", "src", "{3F8EA0F5-24BE-4E0E-A2A9-17C3D6A1E075}"
EndProject
Project("{2150E333-8FDC-42A3-9474-1A3956D46DE8}") = "tests", "tests", "{31B524D3-772A-493B-AFC9-416308DEC6A4}"
EndProject
Project("{9A19103F-16F7-4668-BE54-9A1E7A4F7556}") = "Basyc.DependencyInjection", "src\Basyc.DependencyInjection\Basyc.DependencyInjection.csproj", "{689E728D-5E1F-4D9B-AE39-043D6CFE8E21}"
EndProject
Project("{9A19103F-16F7-4668-BE54-9A1E7A4F7556}") = "_build", "build\_build.csproj", "{0B5769DC-AD48-4827-82BD-5C2691481299}"
EndProject
Project("{2150E333-8FDC-42A3-9474-1A3956D46DE8}") = "buildFolder", "buildFolder", "{1D46A651-8545-4700-B044-902E33B9732D}"
EndProject
Project("{9A19103F-16F7-4668-BE54-9A1E7A4F7556}") = "Basyc.Shared.UnitTests", "tests\Basyc.Shared.UnitTests\Basyc.Shared.UnitTests.csproj", "{69E19B05-6681-4912-93E1-C8B3B16DAE8D}"
EndProject
Project("{9A19103F-16F7-4668-BE54-9A1E7A4F7556}") = "Basyc.Asp", "src\Basyc.Asp\Basyc.Asp.csproj", "{CF5F55F3-75D0-4712-9107-78F43F502533}"
EndProject
Project("{2150E333-8FDC-42A3-9474-1A3956D46DE8}") = "Serialization", "Serialization", "{8DE5E673-C450-47B8-BEC7-4A006E2801C3}"
EndProject
Project("{2150E333-8FDC-42A3-9474-1A3956D46DE8}") = "Repositories", "Repositories", "{8DA3544F-3CC9-4CC3-98DC-99A1B6641294}"
EndProject
Project("{9A19103F-16F7-4668-BE54-9A1E7A4F7556}") = "Basyc.Serailization.SystemTextJson", "src\Serialization\Basyc.Serailization.SystemTextJson\Basyc.Serailization.SystemTextJson.csproj", "{9FB2E20D-C23F-444A-9FE9-E372B2D93DF0}"
EndProject
Project("{9A19103F-16F7-4668-BE54-9A1E7A4F7556}") = "Basyc.Serialization.Abstraction", "src\Serialization\Basyc.Serialization.Abstraction\Basyc.Serialization.Abstraction.csproj", "{225844F4-9633-4527-BFEA-20B6A93292BB}"
EndProject
Project("{9A19103F-16F7-4668-BE54-9A1E7A4F7556}") = "Basyc.Serialization.ProtobufNet", "src\Serialization\Basyc.Serialization.ProtobufNet\Basyc.Serialization.ProtobufNet.csproj", "{5711F95E-5874-4CB7-BB0E-80EBEEA5A944}"
EndProject
Project("{2150E333-8FDC-42A3-9474-1A3956D46DE8}") = "Serialization", "Serialization", "{6B2EB1B2-B86E-485F-9659-FC7C3E7940B5}"
EndProject
Project("{9A19103F-16F7-4668-BE54-9A1E7A4F7556}") = "Basyc.Serialization.ProtobufNet.UnitTests", "tests\Serialization\Basyc.Serialization.ProtobufNet.UnitTests\Basyc.Serialization.ProtobufNet.UnitTests.csproj", "{3B360703-7941-4180-A3A2-6D4D82679193}"
EndProject
Project("{9A19103F-16F7-4668-BE54-9A1E7A4F7556}") = "Basyc.Repositories", "src\Repositories\Basyc.Repositories\Basyc.Repositories.csproj", "{42B799DF-9BFB-470A-8153-FE208C8347D7}"
EndProject
Project("{9A19103F-16F7-4668-BE54-9A1E7A4F7556}") = "Basyc.Repositories.EF", "src\Repositories\Basyc.Repositories.EF\Basyc.Repositories.EF.csproj", "{1903E2C4-05FA-4332-B254-4F5AF40DADDB}"
EndProject
Project("{2150E333-8FDC-42A3-9474-1A3956D46DE8}") = "Repositories", "Repositories", "{69923E85-D1F0-4117-B5B8-3734B5E8650A}"
EndProject
Project("{9A19103F-16F7-4668-BE54-9A1E7A4F7556}") = "Basyc.Repositories.EF.UnitTests", "tests\Repositories\Basyc.Repositories.EF.UnitTests\Basyc.Repositories.EF.UnitTests.csproj", "{EC2456E2-9F2A-41E4-85ED-BA01886C8AA5}"
EndProject
Project("{2150E333-8FDC-42A3-9474-1A3956D46DE8}") = "Microservices", "Microservices", "{4D22FF66-2223-4B3F-8F86-2FA7F09D2793}"
EndProject
Project("{9A19103F-16F7-4668-BE54-9A1E7A4F7556}") = "Basyc.Microservices.Dapr", "src\Mircroservices\Basyc.Microservices.Dapr\Basyc.Microservices.Dapr.csproj", "{C6CEB0A0-6B80-492B-A22E-35D2912F7551}"
EndProject
Project("{9A19103F-16F7-4668-BE54-9A1E7A4F7556}") = "Basyc.Microservices.Abstraction", "src\Mircroservices\Basyc.Microservices.Abstraction\Basyc.Microservices.Abstraction.csproj", "{E4746375-B65C-4947-B478-32EB0590E001}"
EndProject
Project("{2150E333-8FDC-42A3-9474-1A3956D46DE8}") = "Asp", "Asp", "{99E24B90-6643-4184-988E-56C2CF9D983E}"
EndProject
Project("{9A19103F-16F7-4668-BE54-9A1E7A4F7556}") = "Basyc.Microservices.Asp.Bootstrapper", "src\Mircroservices\Asp\Basyc.Microservices.Asp.Bootstrapper\Basyc.Microservices.Asp.Bootstrapper.csproj", "{15E7760B-BA11-4E29-ABB6-26E5A25EFD5A}"
EndProject
Project("{9A19103F-16F7-4668-BE54-9A1E7A4F7556}") = "Basyc.Microservices.Asp.Dapr", "src\Mircroservices\Asp\Basyc.Microservices.Asp.Dapr\Basyc.Microservices.Asp.Dapr.csproj", "{DD9F58B6-FA57-41BD-87AA-F67285EC4E58}"
EndProject
Project("{2150E333-8FDC-42A3-9474-1A3956D46DE8}") = "MessageBus", "MessageBus", "{875505BC-AF2C-4F71-B94F-C645C2F2F949}"
EndProject
Project("{9A19103F-16F7-4668-BE54-9A1E7A4F7556}") = "Basyc.MessageBus.Broker", "src\MessageBus\Basyc.MessageBus.Broker\Basyc.MessageBus.Broker.csproj", "{58A1859A-5F59-4427-BAD9-1A9C51467D8E}"
EndProject
Project("{9A19103F-16F7-4668-BE54-9A1E7A4F7556}") = "Basyc.MessageBus.Shared", "src\MessageBus\Basyc.MessageBus.Shared\Basyc.MessageBus.Shared.csproj", "{7A8ABA49-7657-4704-A7DC-A68CE2924721}"
EndProject
Project("{2150E333-8FDC-42A3-9474-1A3956D46DE8}") = "Manager", "Manager", "{222E283E-7966-4EF9-B8F2-407803FB8943}"
EndProject
Project("{2150E333-8FDC-42A3-9474-1A3956D46DE8}") = "Providers", "Providers", "{61232341-9385-4F82-BCDA-215B9BE998A4}"
EndProject
Project("{2150E333-8FDC-42A3-9474-1A3956D46DE8}") = "Proxies", "Proxies", "{630BAE27-0BC9-4C89-B933-CD19926EC90A}"
EndProject
Project("{9A19103F-16F7-4668-BE54-9A1E7A4F7556}") = "Basyc.MessageBus.Client", "src\MessageBus\Basyc.MessageBus.Client\Basyc.MessageBus.Client.csproj", "{3BFB32B5-E3D3-43D9-8445-F588976735FA}"
EndProject
Project("{2150E333-8FDC-42A3-9474-1A3956D46DE8}") = "MessageBus", "MessageBus", "{9217886A-F7A9-47C3-906E-882E1DF2E170}"
EndProject
Project("{9A19103F-16F7-4668-BE54-9A1E7A4F7556}") = "Basyc.MessageBus.Client.UnitTests", "tests\MessageBus\Basyc.MessageBus.Client.UnitTests\Basyc.MessageBus.Client.UnitTests.csproj", "{D1B3D324-5F90-447A-9819-0EA189869C65}"
EndProject
Project("{9A19103F-16F7-4668-BE54-9A1E7A4F7556}") = "Basyc.MessageBus.Manager.Application", "src\MessageBus\Manager\Basyc.MessageBus.Manager.Application\Basyc.MessageBus.Manager.Application.csproj", "{744EF73A-3844-4B91-A40E-E54CF41B6AC9}"
EndProject
Project("{9A19103F-16F7-4668-BE54-9A1E7A4F7556}") = "Basyc.MessageBus.Manager.Infrastructure", "src\MessageBus\Manager\Basyc.MessageBus.Manager.Infrastructure\Basyc.MessageBus.Manager.Infrastructure.csproj", "{4BAB4C38-6F66-4DD1-8F87-E2FD70490A3A}"
EndProject
Project("{9A19103F-16F7-4668-BE54-9A1E7A4F7556}") = "Basyc.MessageBus.Manager.Infrastructure.MassTransit", "src\MessageBus\Manager\Basyc.MessageBus.Manager.Infrastructure.MassTransit\Basyc.MessageBus.Manager.Infrastructure.MassTransit.csproj", "{512F7156-58F1-4A8F-9484-B9B7545100FC}"
EndProject
Project("{9A19103F-16F7-4668-BE54-9A1E7A4F7556}") = "Basyc.MessageBus.Manager.Presentation.BlazorLibrary", "src\MessageBus\Manager\Basyc.MessageBus.Manager.Presentation.BlazorLibrary\Basyc.MessageBus.Manager.Presentation.BlazorLibrary.csproj", "{CEB5021A-9474-43E8-BA11-0370C3CA4B92}"
EndProject
Project("{2150E333-8FDC-42A3-9474-1A3956D46DE8}") = "Masstransit", "Masstransit", "{BB69E757-E886-4761-A9A3-780C0F3A5880}"
EndProject
Project("{9A19103F-16F7-4668-BE54-9A1E7A4F7556}") = "Basyc.MessageBus.Providers.Masstransit.Client", "src\MessageBus\Providers\Masstransit\Basyc.MessageBus.Providers.Masstransit.Client\Basyc.MessageBus.Providers.Masstransit.Client.csproj", "{C363DEE3-606E-424C-8185-A044AD65F1A1}"
EndProject
Project("{2150E333-8FDC-42A3-9474-1A3956D46DE8}") = "NetMQ", "NetMQ", "{DF2E06F0-DF5A-412F-9727-4DB760B10AC3}"
EndProject
Project("{9A19103F-16F7-4668-BE54-9A1E7A4F7556}") = "Basyc.MessageBus.Providers.NetMQ.Broker", "src\MessageBus\Providers\NetMQ\Basyc.MessageBus.Providers.NetMQ.Broker\Basyc.MessageBus.Providers.NetMQ.Broker.csproj", "{5DF484E1-3894-448D-8FD7-247E4AE1D07A}"
EndProject
Project("{9A19103F-16F7-4668-BE54-9A1E7A4F7556}") = "Basyc.MessageBus.Providers.NetMQ.Shared", "src\MessageBus\Providers\NetMQ\Basyc.MessageBus.Providers.NetMQ.Shared\Basyc.MessageBus.Providers.NetMQ.Shared.csproj", "{CF898149-1E74-4C8A-A7D5-A4D206DD46E0}"
EndProject
Project("{9A19103F-16F7-4668-BE54-9A1E7A4F7556}") = "Basyc.MessageBus.Providers.NetMQ.Client", "src\MessageBus\Providers\NetMQ\Basyc.MessageBus.Providers.NetMQ.Client\Basyc.MessageBus.Providers.NetMQ.Client.csproj", "{C2061540-7F29-46F4-9F1C-B5F260ED6B2E}"
EndProject
Project("{2150E333-8FDC-42A3-9474-1A3956D46DE8}") = "Providers", "Providers", "{FADE84DC-269B-44FC-92A1-9A83377A77A7}"
EndProject
Project("{2150E333-8FDC-42A3-9474-1A3956D46DE8}") = "NetMQ", "NetMQ", "{23FB7D61-B070-4842-8C0A-8DEB6DDB5E13}"
EndProject
Project("{9A19103F-16F7-4668-BE54-9A1E7A4F7556}") = "Basyc.MessageBus.Providers.NetMQ.Client.UnitTests", "tests\MessageBus\Providers\NetMQ\Basyc.MessageBus.Providers.NetMQ.Client.UnitTests\Basyc.MessageBus.Providers.NetMQ.Client.UnitTests.csproj", "{393DCBF9-19DB-47CE-BE08-F5F39CFCE27C}"
EndProject
Project("{2150E333-8FDC-42A3-9474-1A3956D46DE8}") = "Http", "Http", "{F71EE5F2-66BC-43D0-9250-C1AFED1E6786}"
EndProject
Project("{9A19103F-16F7-4668-BE54-9A1E7A4F7556}") = "Basyc.MessageBus.Proxies.Http.Client", "src\MessageBus\Proxies\Http\Basyc.MessageBus.Proxies.Http.Client\Basyc.MessageBus.Proxies.Http.Client.csproj", "{7D59B397-BBC6-4FF7-B094-83E7AB350591}"
EndProject
Project("{9A19103F-16F7-4668-BE54-9A1E7A4F7556}") = "Basyc.MessageBus.Proxies.Http.Shared", "src\MessageBus\Proxies\Http\Basyc.MessageBus.Proxies.Http.Shared\Basyc.MessageBus.Proxies.Http.Shared.csproj", "{7579C2E4-270A-4A53-B427-083CE7F7DF6B}"
EndProject
Project("{2150E333-8FDC-42A3-9474-1A3956D46DE8}") = "Proxies", "Proxies", "{A5D2B3A9-6041-45E3-93B6-48DAAC31E46C}"
EndProject
Project("{2150E333-8FDC-42A3-9474-1A3956D46DE8}") = "Http", "Http", "{06D6B2CB-89D1-4A23-9F09-4F8709D94273}"
EndProject
Project("{9A19103F-16F7-4668-BE54-9A1E7A4F7556}") = "Basyc.MessageBus.Proxies.Http.Client.UnitTests", "tests\MessageBus\Proxies\Http\Basyc.MessageBus.Proxies.Http.Client.UnitTests\Basyc.MessageBus.Proxies.Http.Client.UnitTests.csproj", "{CBFE0BC0-8089-4AD7-AD0E-E1045F70F935}"
EndProject
Project("{9A19103F-16F7-4668-BE54-9A1E7A4F7556}") = "Basyc.MessageBus.Proxies.Http.Server.Asp", "src\MessageBus\Proxies\Http\Basyc.MessageBus.Proxies.Http.Server.Asp\Basyc.MessageBus.Proxies.Http.Server.Asp.csproj", "{1E12EEED-408E-4BEC-A81D-C94C0A52DDBF}"
EndProject
Project("{9A19103F-16F7-4668-BE54-9A1E7A4F7556}") = "Basyc.MessageBus.Proxies.Http.Server.Asp.UnitTests", "tests\MessageBus\Proxies\Http\Basyc.MessageBus.Proxies.Http.Server.Asp.UnitTests\Basyc.MessageBus.Proxies.Http.Server.Asp.UnitTests.csproj", "{75A9526E-EC60-4AE7-8EB5-D6BBAA44FF5B}"
EndProject
Project("{2150E333-8FDC-42A3-9474-1A3956D46DE8}") = "Localizator", "Localizator", "{25D59880-3F19-4F9A-9D8F-98B5155E708B}"
EndProject
Project("{9A19103F-16F7-4668-BE54-9A1E7A4F7556}") = "Basyc.Localizator.Abstraction", "src\Localizator\Basyc.Localizator.Abstraction\Basyc.Localizator.Abstraction.csproj", "{CD73C27B-4126-4D14-97CF-9A7ECB78055A}"
EndProject
Project("{9A19103F-16F7-4668-BE54-9A1E7A4F7556}") = "Basyc.Localizator.EF", "src\Localizator\Basyc.Localizator.EF\Basyc.Localizator.EF.csproj", "{E17DB7D9-23D1-49A4-B4DF-40BCDA194E53}"
EndProject
Project("{2150E333-8FDC-42A3-9474-1A3956D46DE8}") = "Extensions", "Extensions", "{D997DAC4-1413-46EB-9B37-6B0E90A2DBDC}"
EndProject
Project("{2150E333-8FDC-42A3-9474-1A3956D46DE8}") = "SignalR", "SignalR", "{926049BB-4F64-4557-B2D6-6E389371652C}"
EndProject
Project("{9A19103F-16F7-4668-BE54-9A1E7A4F7556}") = "Basyc.Extensions.SignalR.Client", "src\Extensions\SignalR\Basyc.Extensions.SignalR.Client\Basyc.Extensions.SignalR.Client.csproj", "{BF91FEDE-F440-4E47-BF63-99610FA651BB}"
EndProject
Project("{2150E333-8FDC-42A3-9474-1A3956D46DE8}") = "Extensions", "Extensions", "{49BCBDAE-EFD1-424A-9F4C-540B8CC85A9C}"
EndProject
Project("{2150E333-8FDC-42A3-9474-1A3956D46DE8}") = "SignalR", "SignalR", "{C37CDF16-F144-4E59-A495-A24F3832E101}"
EndProject
Project("{9A19103F-16F7-4668-BE54-9A1E7A4F7556}") = "Basyc.Extensions.SignalR.Client.UnitTests", "tests\Extensions\SignalR\Basyc.Extensions.SignalR.Client.UnitTests\Basyc.Extensions.SignalR.Client.UnitTests.csproj", "{4B678B23-AF53-427B-B098-F315992438C4}"
EndProject
Project("{2150E333-8FDC-42A3-9474-1A3956D46DE8}") = "DomainDrivenDesign", "DomainDrivenDesign", "{BE8F2F49-8056-4B97-BED3-EA6480B51CE1}"
EndProject
Project("{9A19103F-16F7-4668-BE54-9A1E7A4F7556}") = "Basyc.DomainDrivenDesign.Application", "src\DomainDrivenDesign\Basyc.DomainDrivenDesign.Application\Basyc.DomainDrivenDesign.Application.csproj", "{99BD2CC7-2247-4C2B-AB88-55CBA53CCE93}"
EndProject
Project("{9A19103F-16F7-4668-BE54-9A1E7A4F7556}") = "Basyc.DomainDrivenDesign.DependencyInjection", "src\DomainDrivenDesign\Basyc.DomainDrivenDesign.DependencyInjection\Basyc.DomainDrivenDesign.DependencyInjection.csproj", "{4917141B-72D7-4C21-B758-07621AAD51E7}"
EndProject
Project("{9A19103F-16F7-4668-BE54-9A1E7A4F7556}") = "Basyc.DomainDrivenDesign.Domain", "src\DomainDrivenDesign\Basyc.DomainDrivenDesign.Domain\Basyc.DomainDrivenDesign.Domain.csproj", "{CEBA4C2D-B4B1-4CEB-9E8A-34BF16BCFED8}"
EndProject
Project("{9A19103F-16F7-4668-BE54-9A1E7A4F7556}") = "Basyc.DomainDrivenDesign.Infrastructure", "src\DomainDrivenDesign\Basyc.DomainDrivenDesign.Infrastructure\Basyc.DomainDrivenDesign.Infrastructure.csproj", "{AE7E4414-FCB1-4AB0-AD89-21C2314138FD}"
EndProject
Project("{2150E333-8FDC-42A3-9474-1A3956D46DE8}") = "Blazor", "Blazor", "{3D1AB2B0-DF47-41E0-94C4-9D3A9BC6FC7E}"
EndProject
Project("{9A19103F-16F7-4668-BE54-9A1E7A4F7556}") = "Basyc.Blazor.Controls", "src\Blazor\Basyc.Blazor.Controls\Basyc.Blazor.Controls.csproj", "{83AFD58E-DF38-45FE-8157-7CB40B110B92}"
EndProject
Project("{2150E333-8FDC-42A3-9474-1A3956D46DE8}") = "Diagnostics", "Diagnostics", "{9E7FC5E5-7D5D-46AD-A4A9-B040E735312F}"
EndProject
Project("{9A19103F-16F7-4668-BE54-9A1E7A4F7556}") = "Basyc.Diagnostics.Shared", "src\Diagnostics\Basyc.Diagnostics.Shared\Basyc.Diagnostics.Shared.csproj", "{8C17A87D-B22A-4983-B914-F69D77390AC4}"
EndProject
Project("{2150E333-8FDC-42A3-9474-1A3956D46DE8}") = "Diagnostics", "Diagnostics", "{52B666EF-3299-44EA-A643-7E1A0EA895DA}"
EndProject
Project("{9A19103F-16F7-4668-BE54-9A1E7A4F7556}") = "Basyc.Diagnostics.Shared.UnitTests", "tests\Diagnostics\Basyc.Diagnostics.Shared.UnitTests\Basyc.Diagnostics.Shared.UnitTests.csproj", "{BA85C838-017A-444D-9EAC-29F4E5E0B8AB}"
EndProject
Project("{9A19103F-16F7-4668-BE54-9A1E7A4F7556}") = "Basyc.Diagnostics.Producing.Shared", "src\Diagnostics\Basyc.Diagnostics.Producing.Shared\Basyc.Diagnostics.Producing.Shared.csproj", "{0B8DDCCB-3830-4203-B223-421D0A5D0F3E}"
EndProject
Project("{9A19103F-16F7-4668-BE54-9A1E7A4F7556}") = "Basyc.Diagnostics.Receiving.Abstractions", "src\Diagnostics\Basyc.Diagnostics.Receiving.Abstractions\Basyc.Diagnostics.Receiving.Abstractions.csproj", "{94F3ABE8-A1DF-4B5E-957F-556FE5E3CDCB}"
EndProject
Project("{9A19103F-16F7-4668-BE54-9A1E7A4F7556}") = "Basyc.Diagnostics.Server.Abstractions", "src\Diagnostics\Basyc.Diagnostics.Server.Abstractions\Basyc.Diagnostics.Server.Abstractions.csproj", "{ECD94152-FB5B-45DE-A6E2-35F222A76131}"
EndProject
Project("{2150E333-8FDC-42A3-9474-1A3956D46DE8}") = "Providers", "Providers", "{42A93312-61D9-4FFD-9387-287B3009187A}"
EndProject
Project("{9A19103F-16F7-4668-BE54-9A1E7A4F7556}") = "Basyc.Diagnostics.Providers.SignalR.Producing", "src\Diagnostics\Providers\SignalR\Basyc.Diagnostics.Providers.SignalR.Producing\Basyc.Diagnostics.Providers.SignalR.Producing.csproj", "{F039B8A0-0F6F-460E-86D9-0DE6676E5A80}"
EndProject
Project("{9A19103F-16F7-4668-BE54-9A1E7A4F7556}") = "Basyc.Diagnostics.Providers.SignalR.Receiving", "src\Diagnostics\Providers\SignalR\Basyc.Diagnostics.Providers.SignalR.Receiving\Basyc.Diagnostics.Providers.SignalR.Receiving.csproj", "{BA9DED5C-831D-4471-AF77-2AFFB5093BDB}"
EndProject
Project("{9A19103F-16F7-4668-BE54-9A1E7A4F7556}") = "Basyc.Diagnostics.Providers.SignalR.Server", "src\Diagnostics\Providers\SignalR\Basyc.Diagnostics.Providers.SignalR.Server\Basyc.Diagnostics.Providers.SignalR.Server.csproj", "{56F536C1-725C-41D1-831D-BCF02827EC23}"
EndProject
Project("{9A19103F-16F7-4668-BE54-9A1E7A4F7556}") = "Basyc.Diagnostics.Providers.SignalR.Shared", "src\Diagnostics\Providers\SignalR\Basyc.Diagnostics.Providers.SignalR.Shared\Basyc.Diagnostics.Providers.SignalR.Shared.csproj", "{10CE7C6B-AB8B-4588-B84E-50896599E83D}"
EndProject
Global
	GlobalSection(SolutionConfigurationPlatforms) = preSolution
		Debug|Any CPU = Debug|Any CPU
		Release|Any CPU = Release|Any CPU
	EndGlobalSection
	GlobalSection(ProjectConfigurationPlatforms) = postSolution
		{2EE8A3CA-4EE6-48EE-8FE8-59DD9F359798}.Debug|Any CPU.ActiveCfg = Debug|Any CPU
		{2EE8A3CA-4EE6-48EE-8FE8-59DD9F359798}.Debug|Any CPU.Build.0 = Debug|Any CPU
		{2EE8A3CA-4EE6-48EE-8FE8-59DD9F359798}.Release|Any CPU.ActiveCfg = Release|Any CPU
		{2EE8A3CA-4EE6-48EE-8FE8-59DD9F359798}.Release|Any CPU.Build.0 = Release|Any CPU
		{689E728D-5E1F-4D9B-AE39-043D6CFE8E21}.Debug|Any CPU.ActiveCfg = Debug|Any CPU
		{689E728D-5E1F-4D9B-AE39-043D6CFE8E21}.Debug|Any CPU.Build.0 = Debug|Any CPU
		{689E728D-5E1F-4D9B-AE39-043D6CFE8E21}.Release|Any CPU.ActiveCfg = Release|Any CPU
		{689E728D-5E1F-4D9B-AE39-043D6CFE8E21}.Release|Any CPU.Build.0 = Release|Any CPU
		{0B5769DC-AD48-4827-82BD-5C2691481299}.Debug|Any CPU.ActiveCfg = Debug|Any CPU
		{0B5769DC-AD48-4827-82BD-5C2691481299}.Release|Any CPU.ActiveCfg = Release|Any CPU
		{69E19B05-6681-4912-93E1-C8B3B16DAE8D}.Debug|Any CPU.ActiveCfg = Debug|Any CPU
		{69E19B05-6681-4912-93E1-C8B3B16DAE8D}.Debug|Any CPU.Build.0 = Debug|Any CPU
		{69E19B05-6681-4912-93E1-C8B3B16DAE8D}.Release|Any CPU.ActiveCfg = Release|Any CPU
		{69E19B05-6681-4912-93E1-C8B3B16DAE8D}.Release|Any CPU.Build.0 = Release|Any CPU
		{CF5F55F3-75D0-4712-9107-78F43F502533}.Debug|Any CPU.ActiveCfg = Debug|Any CPU
		{CF5F55F3-75D0-4712-9107-78F43F502533}.Debug|Any CPU.Build.0 = Debug|Any CPU
		{CF5F55F3-75D0-4712-9107-78F43F502533}.Release|Any CPU.ActiveCfg = Release|Any CPU
		{CF5F55F3-75D0-4712-9107-78F43F502533}.Release|Any CPU.Build.0 = Release|Any CPU
		{9FB2E20D-C23F-444A-9FE9-E372B2D93DF0}.Debug|Any CPU.ActiveCfg = Debug|Any CPU
		{9FB2E20D-C23F-444A-9FE9-E372B2D93DF0}.Debug|Any CPU.Build.0 = Debug|Any CPU
		{9FB2E20D-C23F-444A-9FE9-E372B2D93DF0}.Release|Any CPU.ActiveCfg = Release|Any CPU
		{9FB2E20D-C23F-444A-9FE9-E372B2D93DF0}.Release|Any CPU.Build.0 = Release|Any CPU
		{225844F4-9633-4527-BFEA-20B6A93292BB}.Debug|Any CPU.ActiveCfg = Debug|Any CPU
		{225844F4-9633-4527-BFEA-20B6A93292BB}.Debug|Any CPU.Build.0 = Debug|Any CPU
		{225844F4-9633-4527-BFEA-20B6A93292BB}.Release|Any CPU.ActiveCfg = Release|Any CPU
		{225844F4-9633-4527-BFEA-20B6A93292BB}.Release|Any CPU.Build.0 = Release|Any CPU
		{5711F95E-5874-4CB7-BB0E-80EBEEA5A944}.Debug|Any CPU.ActiveCfg = Debug|Any CPU
		{5711F95E-5874-4CB7-BB0E-80EBEEA5A944}.Debug|Any CPU.Build.0 = Debug|Any CPU
		{5711F95E-5874-4CB7-BB0E-80EBEEA5A944}.Release|Any CPU.ActiveCfg = Release|Any CPU
		{5711F95E-5874-4CB7-BB0E-80EBEEA5A944}.Release|Any CPU.Build.0 = Release|Any CPU
		{3B360703-7941-4180-A3A2-6D4D82679193}.Debug|Any CPU.ActiveCfg = Debug|Any CPU
		{3B360703-7941-4180-A3A2-6D4D82679193}.Debug|Any CPU.Build.0 = Debug|Any CPU
		{3B360703-7941-4180-A3A2-6D4D82679193}.Release|Any CPU.ActiveCfg = Release|Any CPU
		{3B360703-7941-4180-A3A2-6D4D82679193}.Release|Any CPU.Build.0 = Release|Any CPU
		{42B799DF-9BFB-470A-8153-FE208C8347D7}.Debug|Any CPU.ActiveCfg = Debug|Any CPU
		{42B799DF-9BFB-470A-8153-FE208C8347D7}.Debug|Any CPU.Build.0 = Debug|Any CPU
		{42B799DF-9BFB-470A-8153-FE208C8347D7}.Release|Any CPU.ActiveCfg = Release|Any CPU
		{42B799DF-9BFB-470A-8153-FE208C8347D7}.Release|Any CPU.Build.0 = Release|Any CPU
		{1903E2C4-05FA-4332-B254-4F5AF40DADDB}.Debug|Any CPU.ActiveCfg = Debug|Any CPU
		{1903E2C4-05FA-4332-B254-4F5AF40DADDB}.Debug|Any CPU.Build.0 = Debug|Any CPU
		{1903E2C4-05FA-4332-B254-4F5AF40DADDB}.Release|Any CPU.ActiveCfg = Release|Any CPU
		{1903E2C4-05FA-4332-B254-4F5AF40DADDB}.Release|Any CPU.Build.0 = Release|Any CPU
		{EC2456E2-9F2A-41E4-85ED-BA01886C8AA5}.Debug|Any CPU.ActiveCfg = Debug|Any CPU
		{EC2456E2-9F2A-41E4-85ED-BA01886C8AA5}.Debug|Any CPU.Build.0 = Debug|Any CPU
		{EC2456E2-9F2A-41E4-85ED-BA01886C8AA5}.Release|Any CPU.ActiveCfg = Release|Any CPU
		{EC2456E2-9F2A-41E4-85ED-BA01886C8AA5}.Release|Any CPU.Build.0 = Release|Any CPU
		{C6CEB0A0-6B80-492B-A22E-35D2912F7551}.Debug|Any CPU.ActiveCfg = Debug|Any CPU
		{C6CEB0A0-6B80-492B-A22E-35D2912F7551}.Debug|Any CPU.Build.0 = Debug|Any CPU
		{C6CEB0A0-6B80-492B-A22E-35D2912F7551}.Release|Any CPU.ActiveCfg = Release|Any CPU
		{C6CEB0A0-6B80-492B-A22E-35D2912F7551}.Release|Any CPU.Build.0 = Release|Any CPU
		{E4746375-B65C-4947-B478-32EB0590E001}.Debug|Any CPU.ActiveCfg = Debug|Any CPU
		{E4746375-B65C-4947-B478-32EB0590E001}.Debug|Any CPU.Build.0 = Debug|Any CPU
		{E4746375-B65C-4947-B478-32EB0590E001}.Release|Any CPU.ActiveCfg = Release|Any CPU
		{E4746375-B65C-4947-B478-32EB0590E001}.Release|Any CPU.Build.0 = Release|Any CPU
		{15E7760B-BA11-4E29-ABB6-26E5A25EFD5A}.Debug|Any CPU.ActiveCfg = Debug|Any CPU
		{15E7760B-BA11-4E29-ABB6-26E5A25EFD5A}.Debug|Any CPU.Build.0 = Debug|Any CPU
		{15E7760B-BA11-4E29-ABB6-26E5A25EFD5A}.Release|Any CPU.ActiveCfg = Release|Any CPU
		{15E7760B-BA11-4E29-ABB6-26E5A25EFD5A}.Release|Any CPU.Build.0 = Release|Any CPU
		{DD9F58B6-FA57-41BD-87AA-F67285EC4E58}.Debug|Any CPU.ActiveCfg = Debug|Any CPU
		{DD9F58B6-FA57-41BD-87AA-F67285EC4E58}.Debug|Any CPU.Build.0 = Debug|Any CPU
		{DD9F58B6-FA57-41BD-87AA-F67285EC4E58}.Release|Any CPU.ActiveCfg = Release|Any CPU
		{DD9F58B6-FA57-41BD-87AA-F67285EC4E58}.Release|Any CPU.Build.0 = Release|Any CPU
		{58A1859A-5F59-4427-BAD9-1A9C51467D8E}.Debug|Any CPU.ActiveCfg = Debug|Any CPU
		{58A1859A-5F59-4427-BAD9-1A9C51467D8E}.Debug|Any CPU.Build.0 = Debug|Any CPU
		{58A1859A-5F59-4427-BAD9-1A9C51467D8E}.Release|Any CPU.ActiveCfg = Release|Any CPU
		{58A1859A-5F59-4427-BAD9-1A9C51467D8E}.Release|Any CPU.Build.0 = Release|Any CPU
		{7A8ABA49-7657-4704-A7DC-A68CE2924721}.Debug|Any CPU.ActiveCfg = Debug|Any CPU
		{7A8ABA49-7657-4704-A7DC-A68CE2924721}.Debug|Any CPU.Build.0 = Debug|Any CPU
		{7A8ABA49-7657-4704-A7DC-A68CE2924721}.Release|Any CPU.ActiveCfg = Release|Any CPU
		{7A8ABA49-7657-4704-A7DC-A68CE2924721}.Release|Any CPU.Build.0 = Release|Any CPU
		{3BFB32B5-E3D3-43D9-8445-F588976735FA}.Debug|Any CPU.ActiveCfg = Debug|Any CPU
		{3BFB32B5-E3D3-43D9-8445-F588976735FA}.Debug|Any CPU.Build.0 = Debug|Any CPU
		{3BFB32B5-E3D3-43D9-8445-F588976735FA}.Release|Any CPU.ActiveCfg = Release|Any CPU
		{3BFB32B5-E3D3-43D9-8445-F588976735FA}.Release|Any CPU.Build.0 = Release|Any CPU
		{D1B3D324-5F90-447A-9819-0EA189869C65}.Debug|Any CPU.ActiveCfg = Debug|Any CPU
		{D1B3D324-5F90-447A-9819-0EA189869C65}.Debug|Any CPU.Build.0 = Debug|Any CPU
		{D1B3D324-5F90-447A-9819-0EA189869C65}.Release|Any CPU.ActiveCfg = Release|Any CPU
		{D1B3D324-5F90-447A-9819-0EA189869C65}.Release|Any CPU.Build.0 = Release|Any CPU
		{744EF73A-3844-4B91-A40E-E54CF41B6AC9}.Debug|Any CPU.ActiveCfg = Debug|Any CPU
		{744EF73A-3844-4B91-A40E-E54CF41B6AC9}.Debug|Any CPU.Build.0 = Debug|Any CPU
		{744EF73A-3844-4B91-A40E-E54CF41B6AC9}.Release|Any CPU.ActiveCfg = Release|Any CPU
		{744EF73A-3844-4B91-A40E-E54CF41B6AC9}.Release|Any CPU.Build.0 = Release|Any CPU
		{4BAB4C38-6F66-4DD1-8F87-E2FD70490A3A}.Debug|Any CPU.ActiveCfg = Debug|Any CPU
		{4BAB4C38-6F66-4DD1-8F87-E2FD70490A3A}.Debug|Any CPU.Build.0 = Debug|Any CPU
		{4BAB4C38-6F66-4DD1-8F87-E2FD70490A3A}.Release|Any CPU.ActiveCfg = Release|Any CPU
		{4BAB4C38-6F66-4DD1-8F87-E2FD70490A3A}.Release|Any CPU.Build.0 = Release|Any CPU
		{512F7156-58F1-4A8F-9484-B9B7545100FC}.Debug|Any CPU.ActiveCfg = Debug|Any CPU
		{512F7156-58F1-4A8F-9484-B9B7545100FC}.Debug|Any CPU.Build.0 = Debug|Any CPU
		{512F7156-58F1-4A8F-9484-B9B7545100FC}.Release|Any CPU.ActiveCfg = Release|Any CPU
		{512F7156-58F1-4A8F-9484-B9B7545100FC}.Release|Any CPU.Build.0 = Release|Any CPU
		{CEB5021A-9474-43E8-BA11-0370C3CA4B92}.Debug|Any CPU.ActiveCfg = Debug|Any CPU
		{CEB5021A-9474-43E8-BA11-0370C3CA4B92}.Debug|Any CPU.Build.0 = Debug|Any CPU
		{CEB5021A-9474-43E8-BA11-0370C3CA4B92}.Release|Any CPU.ActiveCfg = Release|Any CPU
		{CEB5021A-9474-43E8-BA11-0370C3CA4B92}.Release|Any CPU.Build.0 = Release|Any CPU
		{C363DEE3-606E-424C-8185-A044AD65F1A1}.Debug|Any CPU.ActiveCfg = Debug|Any CPU
		{C363DEE3-606E-424C-8185-A044AD65F1A1}.Debug|Any CPU.Build.0 = Debug|Any CPU
		{C363DEE3-606E-424C-8185-A044AD65F1A1}.Release|Any CPU.ActiveCfg = Release|Any CPU
		{C363DEE3-606E-424C-8185-A044AD65F1A1}.Release|Any CPU.Build.0 = Release|Any CPU
		{5DF484E1-3894-448D-8FD7-247E4AE1D07A}.Debug|Any CPU.ActiveCfg = Debug|Any CPU
		{5DF484E1-3894-448D-8FD7-247E4AE1D07A}.Debug|Any CPU.Build.0 = Debug|Any CPU
		{5DF484E1-3894-448D-8FD7-247E4AE1D07A}.Release|Any CPU.ActiveCfg = Release|Any CPU
		{5DF484E1-3894-448D-8FD7-247E4AE1D07A}.Release|Any CPU.Build.0 = Release|Any CPU
		{CF898149-1E74-4C8A-A7D5-A4D206DD46E0}.Debug|Any CPU.ActiveCfg = Debug|Any CPU
		{CF898149-1E74-4C8A-A7D5-A4D206DD46E0}.Debug|Any CPU.Build.0 = Debug|Any CPU
		{CF898149-1E74-4C8A-A7D5-A4D206DD46E0}.Release|Any CPU.ActiveCfg = Release|Any CPU
		{CF898149-1E74-4C8A-A7D5-A4D206DD46E0}.Release|Any CPU.Build.0 = Release|Any CPU
		{C2061540-7F29-46F4-9F1C-B5F260ED6B2E}.Debug|Any CPU.ActiveCfg = Debug|Any CPU
		{C2061540-7F29-46F4-9F1C-B5F260ED6B2E}.Debug|Any CPU.Build.0 = Debug|Any CPU
		{C2061540-7F29-46F4-9F1C-B5F260ED6B2E}.Release|Any CPU.ActiveCfg = Release|Any CPU
		{C2061540-7F29-46F4-9F1C-B5F260ED6B2E}.Release|Any CPU.Build.0 = Release|Any CPU
		{393DCBF9-19DB-47CE-BE08-F5F39CFCE27C}.Debug|Any CPU.ActiveCfg = Debug|Any CPU
		{393DCBF9-19DB-47CE-BE08-F5F39CFCE27C}.Debug|Any CPU.Build.0 = Debug|Any CPU
		{393DCBF9-19DB-47CE-BE08-F5F39CFCE27C}.Release|Any CPU.ActiveCfg = Release|Any CPU
		{393DCBF9-19DB-47CE-BE08-F5F39CFCE27C}.Release|Any CPU.Build.0 = Release|Any CPU
		{7D59B397-BBC6-4FF7-B094-83E7AB350591}.Debug|Any CPU.ActiveCfg = Debug|Any CPU
		{7D59B397-BBC6-4FF7-B094-83E7AB350591}.Debug|Any CPU.Build.0 = Debug|Any CPU
		{7D59B397-BBC6-4FF7-B094-83E7AB350591}.Release|Any CPU.ActiveCfg = Release|Any CPU
		{7D59B397-BBC6-4FF7-B094-83E7AB350591}.Release|Any CPU.Build.0 = Release|Any CPU
		{7579C2E4-270A-4A53-B427-083CE7F7DF6B}.Debug|Any CPU.ActiveCfg = Debug|Any CPU
		{7579C2E4-270A-4A53-B427-083CE7F7DF6B}.Debug|Any CPU.Build.0 = Debug|Any CPU
		{7579C2E4-270A-4A53-B427-083CE7F7DF6B}.Release|Any CPU.ActiveCfg = Release|Any CPU
		{7579C2E4-270A-4A53-B427-083CE7F7DF6B}.Release|Any CPU.Build.0 = Release|Any CPU
		{CBFE0BC0-8089-4AD7-AD0E-E1045F70F935}.Debug|Any CPU.ActiveCfg = Debug|Any CPU
		{CBFE0BC0-8089-4AD7-AD0E-E1045F70F935}.Debug|Any CPU.Build.0 = Debug|Any CPU
		{CBFE0BC0-8089-4AD7-AD0E-E1045F70F935}.Release|Any CPU.ActiveCfg = Release|Any CPU
		{CBFE0BC0-8089-4AD7-AD0E-E1045F70F935}.Release|Any CPU.Build.0 = Release|Any CPU
		{1E12EEED-408E-4BEC-A81D-C94C0A52DDBF}.Debug|Any CPU.ActiveCfg = Debug|Any CPU
		{1E12EEED-408E-4BEC-A81D-C94C0A52DDBF}.Debug|Any CPU.Build.0 = Debug|Any CPU
		{1E12EEED-408E-4BEC-A81D-C94C0A52DDBF}.Release|Any CPU.ActiveCfg = Release|Any CPU
		{1E12EEED-408E-4BEC-A81D-C94C0A52DDBF}.Release|Any CPU.Build.0 = Release|Any CPU
		{75A9526E-EC60-4AE7-8EB5-D6BBAA44FF5B}.Debug|Any CPU.ActiveCfg = Debug|Any CPU
		{75A9526E-EC60-4AE7-8EB5-D6BBAA44FF5B}.Debug|Any CPU.Build.0 = Debug|Any CPU
		{75A9526E-EC60-4AE7-8EB5-D6BBAA44FF5B}.Release|Any CPU.ActiveCfg = Release|Any CPU
		{75A9526E-EC60-4AE7-8EB5-D6BBAA44FF5B}.Release|Any CPU.Build.0 = Release|Any CPU
		{CD73C27B-4126-4D14-97CF-9A7ECB78055A}.Debug|Any CPU.ActiveCfg = Debug|Any CPU
		{CD73C27B-4126-4D14-97CF-9A7ECB78055A}.Debug|Any CPU.Build.0 = Debug|Any CPU
		{CD73C27B-4126-4D14-97CF-9A7ECB78055A}.Release|Any CPU.ActiveCfg = Release|Any CPU
		{CD73C27B-4126-4D14-97CF-9A7ECB78055A}.Release|Any CPU.Build.0 = Release|Any CPU
		{E17DB7D9-23D1-49A4-B4DF-40BCDA194E53}.Debug|Any CPU.ActiveCfg = Debug|Any CPU
		{E17DB7D9-23D1-49A4-B4DF-40BCDA194E53}.Debug|Any CPU.Build.0 = Debug|Any CPU
		{E17DB7D9-23D1-49A4-B4DF-40BCDA194E53}.Release|Any CPU.ActiveCfg = Release|Any CPU
		{E17DB7D9-23D1-49A4-B4DF-40BCDA194E53}.Release|Any CPU.Build.0 = Release|Any CPU
		{BF91FEDE-F440-4E47-BF63-99610FA651BB}.Debug|Any CPU.ActiveCfg = Debug|Any CPU
		{BF91FEDE-F440-4E47-BF63-99610FA651BB}.Debug|Any CPU.Build.0 = Debug|Any CPU
		{BF91FEDE-F440-4E47-BF63-99610FA651BB}.Release|Any CPU.ActiveCfg = Release|Any CPU
		{BF91FEDE-F440-4E47-BF63-99610FA651BB}.Release|Any CPU.Build.0 = Release|Any CPU
		{4B678B23-AF53-427B-B098-F315992438C4}.Debug|Any CPU.ActiveCfg = Debug|Any CPU
		{4B678B23-AF53-427B-B098-F315992438C4}.Debug|Any CPU.Build.0 = Debug|Any CPU
		{4B678B23-AF53-427B-B098-F315992438C4}.Release|Any CPU.ActiveCfg = Release|Any CPU
		{4B678B23-AF53-427B-B098-F315992438C4}.Release|Any CPU.Build.0 = Release|Any CPU
		{99BD2CC7-2247-4C2B-AB88-55CBA53CCE93}.Debug|Any CPU.ActiveCfg = Debug|Any CPU
		{99BD2CC7-2247-4C2B-AB88-55CBA53CCE93}.Debug|Any CPU.Build.0 = Debug|Any CPU
		{99BD2CC7-2247-4C2B-AB88-55CBA53CCE93}.Release|Any CPU.ActiveCfg = Release|Any CPU
		{99BD2CC7-2247-4C2B-AB88-55CBA53CCE93}.Release|Any CPU.Build.0 = Release|Any CPU
		{4917141B-72D7-4C21-B758-07621AAD51E7}.Debug|Any CPU.ActiveCfg = Debug|Any CPU
		{4917141B-72D7-4C21-B758-07621AAD51E7}.Debug|Any CPU.Build.0 = Debug|Any CPU
		{4917141B-72D7-4C21-B758-07621AAD51E7}.Release|Any CPU.ActiveCfg = Release|Any CPU
		{4917141B-72D7-4C21-B758-07621AAD51E7}.Release|Any CPU.Build.0 = Release|Any CPU
		{CEBA4C2D-B4B1-4CEB-9E8A-34BF16BCFED8}.Debug|Any CPU.ActiveCfg = Debug|Any CPU
		{CEBA4C2D-B4B1-4CEB-9E8A-34BF16BCFED8}.Debug|Any CPU.Build.0 = Debug|Any CPU
		{CEBA4C2D-B4B1-4CEB-9E8A-34BF16BCFED8}.Release|Any CPU.ActiveCfg = Release|Any CPU
		{CEBA4C2D-B4B1-4CEB-9E8A-34BF16BCFED8}.Release|Any CPU.Build.0 = Release|Any CPU
		{AE7E4414-FCB1-4AB0-AD89-21C2314138FD}.Debug|Any CPU.ActiveCfg = Debug|Any CPU
		{AE7E4414-FCB1-4AB0-AD89-21C2314138FD}.Debug|Any CPU.Build.0 = Debug|Any CPU
		{AE7E4414-FCB1-4AB0-AD89-21C2314138FD}.Release|Any CPU.ActiveCfg = Release|Any CPU
		{AE7E4414-FCB1-4AB0-AD89-21C2314138FD}.Release|Any CPU.Build.0 = Release|Any CPU
		{83AFD58E-DF38-45FE-8157-7CB40B110B92}.Debug|Any CPU.ActiveCfg = Debug|Any CPU
		{83AFD58E-DF38-45FE-8157-7CB40B110B92}.Debug|Any CPU.Build.0 = Debug|Any CPU
		{83AFD58E-DF38-45FE-8157-7CB40B110B92}.Release|Any CPU.ActiveCfg = Release|Any CPU
		{83AFD58E-DF38-45FE-8157-7CB40B110B92}.Release|Any CPU.Build.0 = Release|Any CPU
		{8C17A87D-B22A-4983-B914-F69D77390AC4}.Debug|Any CPU.ActiveCfg = Debug|Any CPU
		{8C17A87D-B22A-4983-B914-F69D77390AC4}.Debug|Any CPU.Build.0 = Debug|Any CPU
		{8C17A87D-B22A-4983-B914-F69D77390AC4}.Release|Any CPU.ActiveCfg = Release|Any CPU
		{8C17A87D-B22A-4983-B914-F69D77390AC4}.Release|Any CPU.Build.0 = Release|Any CPU
		{BA85C838-017A-444D-9EAC-29F4E5E0B8AB}.Debug|Any CPU.ActiveCfg = Debug|Any CPU
		{BA85C838-017A-444D-9EAC-29F4E5E0B8AB}.Debug|Any CPU.Build.0 = Debug|Any CPU
		{BA85C838-017A-444D-9EAC-29F4E5E0B8AB}.Release|Any CPU.ActiveCfg = Release|Any CPU
		{BA85C838-017A-444D-9EAC-29F4E5E0B8AB}.Release|Any CPU.Build.0 = Release|Any CPU
		{0B8DDCCB-3830-4203-B223-421D0A5D0F3E}.Debug|Any CPU.ActiveCfg = Debug|Any CPU
		{0B8DDCCB-3830-4203-B223-421D0A5D0F3E}.Debug|Any CPU.Build.0 = Debug|Any CPU
		{0B8DDCCB-3830-4203-B223-421D0A5D0F3E}.Release|Any CPU.ActiveCfg = Release|Any CPU
		{0B8DDCCB-3830-4203-B223-421D0A5D0F3E}.Release|Any CPU.Build.0 = Release|Any CPU
		{94F3ABE8-A1DF-4B5E-957F-556FE5E3CDCB}.Debug|Any CPU.ActiveCfg = Debug|Any CPU
		{94F3ABE8-A1DF-4B5E-957F-556FE5E3CDCB}.Debug|Any CPU.Build.0 = Debug|Any CPU
		{94F3ABE8-A1DF-4B5E-957F-556FE5E3CDCB}.Release|Any CPU.ActiveCfg = Release|Any CPU
		{94F3ABE8-A1DF-4B5E-957F-556FE5E3CDCB}.Release|Any CPU.Build.0 = Release|Any CPU
		{ECD94152-FB5B-45DE-A6E2-35F222A76131}.Debug|Any CPU.ActiveCfg = Debug|Any CPU
		{ECD94152-FB5B-45DE-A6E2-35F222A76131}.Debug|Any CPU.Build.0 = Debug|Any CPU
		{ECD94152-FB5B-45DE-A6E2-35F222A76131}.Release|Any CPU.ActiveCfg = Release|Any CPU
		{ECD94152-FB5B-45DE-A6E2-35F222A76131}.Release|Any CPU.Build.0 = Release|Any CPU
		{F039B8A0-0F6F-460E-86D9-0DE6676E5A80}.Debug|Any CPU.ActiveCfg = Debug|Any CPU
		{F039B8A0-0F6F-460E-86D9-0DE6676E5A80}.Debug|Any CPU.Build.0 = Debug|Any CPU
		{F039B8A0-0F6F-460E-86D9-0DE6676E5A80}.Release|Any CPU.ActiveCfg = Release|Any CPU
		{F039B8A0-0F6F-460E-86D9-0DE6676E5A80}.Release|Any CPU.Build.0 = Release|Any CPU
		{BA9DED5C-831D-4471-AF77-2AFFB5093BDB}.Debug|Any CPU.ActiveCfg = Debug|Any CPU
		{BA9DED5C-831D-4471-AF77-2AFFB5093BDB}.Debug|Any CPU.Build.0 = Debug|Any CPU
		{BA9DED5C-831D-4471-AF77-2AFFB5093BDB}.Release|Any CPU.ActiveCfg = Release|Any CPU
		{BA9DED5C-831D-4471-AF77-2AFFB5093BDB}.Release|Any CPU.Build.0 = Release|Any CPU
		{56F536C1-725C-41D1-831D-BCF02827EC23}.Debug|Any CPU.ActiveCfg = Debug|Any CPU
		{56F536C1-725C-41D1-831D-BCF02827EC23}.Debug|Any CPU.Build.0 = Debug|Any CPU
		{56F536C1-725C-41D1-831D-BCF02827EC23}.Release|Any CPU.ActiveCfg = Release|Any CPU
		{56F536C1-725C-41D1-831D-BCF02827EC23}.Release|Any CPU.Build.0 = Release|Any CPU
		{10CE7C6B-AB8B-4588-B84E-50896599E83D}.Debug|Any CPU.ActiveCfg = Debug|Any CPU
		{10CE7C6B-AB8B-4588-B84E-50896599E83D}.Debug|Any CPU.Build.0 = Debug|Any CPU
		{10CE7C6B-AB8B-4588-B84E-50896599E83D}.Release|Any CPU.ActiveCfg = Release|Any CPU
		{10CE7C6B-AB8B-4588-B84E-50896599E83D}.Release|Any CPU.Build.0 = Release|Any CPU
	EndGlobalSection
	GlobalSection(SolutionProperties) = preSolution
		HideSolutionNode = FALSE
	EndGlobalSection
	GlobalSection(NestedProjects) = preSolution
		{2EE8A3CA-4EE6-48EE-8FE8-59DD9F359798} = {3F8EA0F5-24BE-4E0E-A2A9-17C3D6A1E075}
		{689E728D-5E1F-4D9B-AE39-043D6CFE8E21} = {3F8EA0F5-24BE-4E0E-A2A9-17C3D6A1E075}
		{0B5769DC-AD48-4827-82BD-5C2691481299} = {1D46A651-8545-4700-B044-902E33B9732D}
		{69E19B05-6681-4912-93E1-C8B3B16DAE8D} = {31B524D3-772A-493B-AFC9-416308DEC6A4}
		{CF5F55F3-75D0-4712-9107-78F43F502533} = {3F8EA0F5-24BE-4E0E-A2A9-17C3D6A1E075}
		{8DE5E673-C450-47B8-BEC7-4A006E2801C3} = {3F8EA0F5-24BE-4E0E-A2A9-17C3D6A1E075}
		{8DA3544F-3CC9-4CC3-98DC-99A1B6641294} = {3F8EA0F5-24BE-4E0E-A2A9-17C3D6A1E075}
		{9FB2E20D-C23F-444A-9FE9-E372B2D93DF0} = {8DE5E673-C450-47B8-BEC7-4A006E2801C3}
		{225844F4-9633-4527-BFEA-20B6A93292BB} = {8DE5E673-C450-47B8-BEC7-4A006E2801C3}
		{5711F95E-5874-4CB7-BB0E-80EBEEA5A944} = {8DE5E673-C450-47B8-BEC7-4A006E2801C3}
		{6B2EB1B2-B86E-485F-9659-FC7C3E7940B5} = {31B524D3-772A-493B-AFC9-416308DEC6A4}
		{3B360703-7941-4180-A3A2-6D4D82679193} = {6B2EB1B2-B86E-485F-9659-FC7C3E7940B5}
		{42B799DF-9BFB-470A-8153-FE208C8347D7} = {8DA3544F-3CC9-4CC3-98DC-99A1B6641294}
		{1903E2C4-05FA-4332-B254-4F5AF40DADDB} = {8DA3544F-3CC9-4CC3-98DC-99A1B6641294}
		{69923E85-D1F0-4117-B5B8-3734B5E8650A} = {31B524D3-772A-493B-AFC9-416308DEC6A4}
		{EC2456E2-9F2A-41E4-85ED-BA01886C8AA5} = {69923E85-D1F0-4117-B5B8-3734B5E8650A}
		{4D22FF66-2223-4B3F-8F86-2FA7F09D2793} = {3F8EA0F5-24BE-4E0E-A2A9-17C3D6A1E075}
		{C6CEB0A0-6B80-492B-A22E-35D2912F7551} = {4D22FF66-2223-4B3F-8F86-2FA7F09D2793}
		{E4746375-B65C-4947-B478-32EB0590E001} = {4D22FF66-2223-4B3F-8F86-2FA7F09D2793}
		{99E24B90-6643-4184-988E-56C2CF9D983E} = {4D22FF66-2223-4B3F-8F86-2FA7F09D2793}
		{15E7760B-BA11-4E29-ABB6-26E5A25EFD5A} = {99E24B90-6643-4184-988E-56C2CF9D983E}
		{DD9F58B6-FA57-41BD-87AA-F67285EC4E58} = {99E24B90-6643-4184-988E-56C2CF9D983E}
		{875505BC-AF2C-4F71-B94F-C645C2F2F949} = {3F8EA0F5-24BE-4E0E-A2A9-17C3D6A1E075}
		{58A1859A-5F59-4427-BAD9-1A9C51467D8E} = {875505BC-AF2C-4F71-B94F-C645C2F2F949}
		{7A8ABA49-7657-4704-A7DC-A68CE2924721} = {875505BC-AF2C-4F71-B94F-C645C2F2F949}
		{222E283E-7966-4EF9-B8F2-407803FB8943} = {875505BC-AF2C-4F71-B94F-C645C2F2F949}
		{61232341-9385-4F82-BCDA-215B9BE998A4} = {875505BC-AF2C-4F71-B94F-C645C2F2F949}
		{630BAE27-0BC9-4C89-B933-CD19926EC90A} = {875505BC-AF2C-4F71-B94F-C645C2F2F949}
		{3BFB32B5-E3D3-43D9-8445-F588976735FA} = {875505BC-AF2C-4F71-B94F-C645C2F2F949}
		{9217886A-F7A9-47C3-906E-882E1DF2E170} = {31B524D3-772A-493B-AFC9-416308DEC6A4}
		{D1B3D324-5F90-447A-9819-0EA189869C65} = {9217886A-F7A9-47C3-906E-882E1DF2E170}
		{744EF73A-3844-4B91-A40E-E54CF41B6AC9} = {222E283E-7966-4EF9-B8F2-407803FB8943}
		{4BAB4C38-6F66-4DD1-8F87-E2FD70490A3A} = {222E283E-7966-4EF9-B8F2-407803FB8943}
		{512F7156-58F1-4A8F-9484-B9B7545100FC} = {222E283E-7966-4EF9-B8F2-407803FB8943}
		{CEB5021A-9474-43E8-BA11-0370C3CA4B92} = {222E283E-7966-4EF9-B8F2-407803FB8943}
		{BB69E757-E886-4761-A9A3-780C0F3A5880} = {61232341-9385-4F82-BCDA-215B9BE998A4}
		{C363DEE3-606E-424C-8185-A044AD65F1A1} = {BB69E757-E886-4761-A9A3-780C0F3A5880}
		{DF2E06F0-DF5A-412F-9727-4DB760B10AC3} = {61232341-9385-4F82-BCDA-215B9BE998A4}
		{5DF484E1-3894-448D-8FD7-247E4AE1D07A} = {DF2E06F0-DF5A-412F-9727-4DB760B10AC3}
		{CF898149-1E74-4C8A-A7D5-A4D206DD46E0} = {DF2E06F0-DF5A-412F-9727-4DB760B10AC3}
		{C2061540-7F29-46F4-9F1C-B5F260ED6B2E} = {DF2E06F0-DF5A-412F-9727-4DB760B10AC3}
		{FADE84DC-269B-44FC-92A1-9A83377A77A7} = {9217886A-F7A9-47C3-906E-882E1DF2E170}
		{23FB7D61-B070-4842-8C0A-8DEB6DDB5E13} = {FADE84DC-269B-44FC-92A1-9A83377A77A7}
		{393DCBF9-19DB-47CE-BE08-F5F39CFCE27C} = {23FB7D61-B070-4842-8C0A-8DEB6DDB5E13}
		{F71EE5F2-66BC-43D0-9250-C1AFED1E6786} = {630BAE27-0BC9-4C89-B933-CD19926EC90A}
		{7D59B397-BBC6-4FF7-B094-83E7AB350591} = {F71EE5F2-66BC-43D0-9250-C1AFED1E6786}
		{7579C2E4-270A-4A53-B427-083CE7F7DF6B} = {F71EE5F2-66BC-43D0-9250-C1AFED1E6786}
		{A5D2B3A9-6041-45E3-93B6-48DAAC31E46C} = {9217886A-F7A9-47C3-906E-882E1DF2E170}
		{06D6B2CB-89D1-4A23-9F09-4F8709D94273} = {A5D2B3A9-6041-45E3-93B6-48DAAC31E46C}
		{CBFE0BC0-8089-4AD7-AD0E-E1045F70F935} = {06D6B2CB-89D1-4A23-9F09-4F8709D94273}
		{1E12EEED-408E-4BEC-A81D-C94C0A52DDBF} = {F71EE5F2-66BC-43D0-9250-C1AFED1E6786}
		{75A9526E-EC60-4AE7-8EB5-D6BBAA44FF5B} = {06D6B2CB-89D1-4A23-9F09-4F8709D94273}
		{25D59880-3F19-4F9A-9D8F-98B5155E708B} = {3F8EA0F5-24BE-4E0E-A2A9-17C3D6A1E075}
		{CD73C27B-4126-4D14-97CF-9A7ECB78055A} = {25D59880-3F19-4F9A-9D8F-98B5155E708B}
		{E17DB7D9-23D1-49A4-B4DF-40BCDA194E53} = {25D59880-3F19-4F9A-9D8F-98B5155E708B}
		{D997DAC4-1413-46EB-9B37-6B0E90A2DBDC} = {3F8EA0F5-24BE-4E0E-A2A9-17C3D6A1E075}
		{926049BB-4F64-4557-B2D6-6E389371652C} = {D997DAC4-1413-46EB-9B37-6B0E90A2DBDC}
		{BF91FEDE-F440-4E47-BF63-99610FA651BB} = {926049BB-4F64-4557-B2D6-6E389371652C}
		{49BCBDAE-EFD1-424A-9F4C-540B8CC85A9C} = {31B524D3-772A-493B-AFC9-416308DEC6A4}
		{C37CDF16-F144-4E59-A495-A24F3832E101} = {49BCBDAE-EFD1-424A-9F4C-540B8CC85A9C}
		{4B678B23-AF53-427B-B098-F315992438C4} = {C37CDF16-F144-4E59-A495-A24F3832E101}
		{BE8F2F49-8056-4B97-BED3-EA6480B51CE1} = {3F8EA0F5-24BE-4E0E-A2A9-17C3D6A1E075}
		{99BD2CC7-2247-4C2B-AB88-55CBA53CCE93} = {BE8F2F49-8056-4B97-BED3-EA6480B51CE1}
		{4917141B-72D7-4C21-B758-07621AAD51E7} = {BE8F2F49-8056-4B97-BED3-EA6480B51CE1}
		{CEBA4C2D-B4B1-4CEB-9E8A-34BF16BCFED8} = {BE8F2F49-8056-4B97-BED3-EA6480B51CE1}
		{AE7E4414-FCB1-4AB0-AD89-21C2314138FD} = {BE8F2F49-8056-4B97-BED3-EA6480B51CE1}
		{3D1AB2B0-DF47-41E0-94C4-9D3A9BC6FC7E} = {3F8EA0F5-24BE-4E0E-A2A9-17C3D6A1E075}
		{83AFD58E-DF38-45FE-8157-7CB40B110B92} = {3D1AB2B0-DF47-41E0-94C4-9D3A9BC6FC7E}
		{9E7FC5E5-7D5D-46AD-A4A9-B040E735312F} = {3F8EA0F5-24BE-4E0E-A2A9-17C3D6A1E075}
		{8C17A87D-B22A-4983-B914-F69D77390AC4} = {9E7FC5E5-7D5D-46AD-A4A9-B040E735312F}
		{52B666EF-3299-44EA-A643-7E1A0EA895DA} = {31B524D3-772A-493B-AFC9-416308DEC6A4}
		{BA85C838-017A-444D-9EAC-29F4E5E0B8AB} = {52B666EF-3299-44EA-A643-7E1A0EA895DA}
		{0B8DDCCB-3830-4203-B223-421D0A5D0F3E} = {9E7FC5E5-7D5D-46AD-A4A9-B040E735312F}
		{94F3ABE8-A1DF-4B5E-957F-556FE5E3CDCB} = {9E7FC5E5-7D5D-46AD-A4A9-B040E735312F}
		{ECD94152-FB5B-45DE-A6E2-35F222A76131} = {9E7FC5E5-7D5D-46AD-A4A9-B040E735312F}
		{42A93312-61D9-4FFD-9387-287B3009187A} = {9E7FC5E5-7D5D-46AD-A4A9-B040E735312F}
		{F039B8A0-0F6F-460E-86D9-0DE6676E5A80} = {42A93312-61D9-4FFD-9387-287B3009187A}
		{BA9DED5C-831D-4471-AF77-2AFFB5093BDB} = {42A93312-61D9-4FFD-9387-287B3009187A}
		{56F536C1-725C-41D1-831D-BCF02827EC23} = {42A93312-61D9-4FFD-9387-287B3009187A}
		{10CE7C6B-AB8B-4588-B84E-50896599E83D} = {42A93312-61D9-4FFD-9387-287B3009187A}
	EndGlobalSection
	GlobalSection(ExtensibilityGlobals) = postSolution
		SolutionGuid = {E0B9F633-1CF1-4767-BA6F-FF66075EBEE7}
	EndGlobalSection
EndGlobal
